# THIS IS AN AUTOGENERATED FILE. DO NOT EDIT THIS FILE DIRECTLY.
# yarn lockfile v1


"@blockless/sdk@https://github.com/blocklessnetwork/sdk-assemblyscript#f5b9bde3042adab4536d42c5b0c164aa445bd5ce":
  "integrity" "sha512-3tlR+SbSLKrsMo74LvxfSmqnwZLaceMlCqmXP5ZDV+2dmcyk9kFq7ged6oCJX2fd8Cz4wVBSM1XK3KPhRVT/0w=="
  "resolved" "git+ssh://git@github.com/blocklessnetwork/sdk-assemblyscript.git#f5b9bde3042adab4536d42c5b0c164aa445bd5ce"
  "version" "1.0.1"
  dependencies:
    "as-wasi" "^0.4.6"
    "wasi" "^0.0.6"

"as-wasi@^0.4.6":
  "integrity" "sha512-HFWdxLVHrOfchf/M+gE2IczsHBkWXqekZZfHYmDj6WP1UnpQC4k44OeyjqmSwC/db1tppEwCUssDCuFGnMdJZw=="
  "resolved" "https://registry.npmjs.org/as-wasi/-/as-wasi-0.4.6.tgz"
  "version" "0.4.6"

"assemblyscript@^0.20.10":
  "integrity" "sha512-IJN2CaAwCdRgTSZz3GiuYyXtXIjETBrlzky9ww9jFlEgH8i0pNFt6MAS3viogkofem+rcY6Fhr/clk+b6LWLBw=="
  "resolved" "https://registry.npmjs.org/assemblyscript/-/assemblyscript-0.20.19.tgz"
  "version" "0.20.19"
  dependencies:
    "binaryen" "109.0.0-nightly.20220813"
    "long" "^5.2.0"

"binaryen@109.0.0-nightly.20220813":
  "integrity" "sha512-u85Ti3LiGRrV0HqdNDRknalkx7QiCSL0jNsEsT522nnZacWxUaSJEILphxc2OnzmHVtdiWBE3c4lEzlU3ZEyDw=="
  "resolved" "https://registry.npmjs.org/binaryen/-/binaryen-109.0.0-nightly.20220813.tgz"
  "version" "109.0.0-nightly.20220813"

"bindings@^1.5.0":
  "integrity" "sha512-p2q/t/mhvuOj/UeLlV6566GD/guowlr0hHxClI0W9m7MWYkL1F0hLo+0Aexs9HSPCtR1SXQ0TD3MMKrXZajbiQ=="
  "resolved" "https://registry.npmjs.org/bindings/-/bindings-1.5.0.tgz"
  "version" "1.5.0"
  dependencies:
    "file-uri-to-path" "1.0.0"

"file-uri-to-path@1.0.0":
  "integrity" "sha512-0Zt+s3L7Vf1biwWZ29aARiVYLx7iMGnEUl9x33fbB/j3jR81u/O2LbqK+Bm1CDSNDKVtJ/YjwY7TUd5SkeLQLw=="
  "resolved" "https://registry.npmjs.org/file-uri-to-path/-/file-uri-to-path-1.0.0.tgz"
  "version" "1.0.0"

"long@^5.2.0":
  "integrity" "sha512-GKSNGeNAtw8IryjjkhZxuKB3JzlcLTwjtiQCHKvqQet81I93kXslhDQruGI/QsddO83mcDToBVy7GqGS/zYf/A=="
  "resolved" "https://registry.npmjs.org/long/-/long-5.2.1.tgz"
  "version" "5.2.1"

"wasi@^0.0.6":
  "integrity" "sha512-D3f4Q/3LojW1uMloOC1OuFlGy2u22hLqpskAz0OkmoYeWIwVYf8XBuc9ihDGJnNf3lfNvqM4s0030sN0UUXExw=="
  "resolved" "https://registry.npmjs.org/wasi/-/wasi-0.0.6.tgz"
  "version" "0.0.6"
  dependencies:
    "bindings" "^1.5.0"
